
Microsoft Visual Studio Solution File, Format Version 12.00
# Visual Studio Version 17
VisualStudioVersion = 17.12.35323.107
MinimumVisualStudioVersion = 10.0.40219.1
Project("{FAE04EC0-301F-11D3-BF4B-00C04F79EFBC}") = "Quiz_Game_WPF_MOO_ICT", "Quiz_Game_WPF_MOO_ICT.csproj", "{72BD39BC-F5A3-410A-8C4B-2FE606D9E678}"
EndProject
Global
	GlobalSection(SolutionConfigurationPlatforms) = preSolution
		Debug|Any CPU = Debug|Any CPU
		Release|Any CPU = Release|Any CPU
	EndGlobalSection
	GlobalSection(ProjectConfigurationPlatforms) = postSolution
		{72BD39BC-F5A3-410A-8C4B-2FE606D9E678}.Debug|Any CPU.ActiveCfg = Debug|Any CPU
		{72BD39BC-F5A3-410A-8C4B-2FE606D9E678}.Debug|Any CPU.Build.0 = Debug|Any CPU
		{72BD39BC-F5A3-410A-8C4B-2FE606D9E678}.Release|Any CPU.ActiveCfg = Release|Any CPU
		{72BD39BC-F5A3-410A-8C4B-2FE606D9E678}.Release|Any CPU.Build.0 = Release|Any CPU
	EndGlobalSection
	GlobalSection(SolutionProperties) = preSolution
		HideSolutionNode = FALSE
	EndGlobalSection
	GlobalSection(ExtensibilityGlobals) = postSolution
		SolutionGuid = {B7FD98AD-DE59-4D6A-89C8-6F2D83C8E2F8}
	EndGlobalSection
EndGlobal
